// !$*UTF8*$!
{
	archiveVersion = 1;
	classes = {
	};
	objectVersion = 46;
	objects = {

/* Begin PBXBuildFile section */
		ED94B83B8B534236A7B31851 /* libPods.a in Frameworks */ = {isa = PBXBuildFile; fileRef = 34670366F46B46A0B81A81CE /* libPods.a */; };
		FA0365AB196EE20F00B831DC /* NSException+OCFuntimeCore.m in Sources */ = {isa = PBXBuildFile; fileRef = FA03656C196EE20F00B831DC /* NSException+OCFuntimeCore.m */; };
		FA0365AC196EE20F00B831DC /* OCFuntime.m in Sources */ = {isa = PBXBuildFile; fileRef = FA03656E196EE20F00B831DC /* OCFuntime.m */; };
		FA0365AD196EE20F00B831DC /* NSException+OCFuntimeMethods.m in Sources */ = {isa = PBXBuildFile; fileRef = FA036576196EE20F00B831DC /* NSException+OCFuntimeMethods.m */; };
		FA0365AE196EE20F00B831DC /* OCFClassMethods.m in Sources */ = {isa = PBXBuildFile; fileRef = FA036579196EE20F00B831DC /* OCFClassMethods.m */; };
		FA0365AF196EE20F00B831DC /* OCFMethod.m in Sources */ = {isa = PBXBuildFile; fileRef = FA03657C196EE20F00B831DC /* OCFMethod.m */; };
		FA0365B0196EE20F00B831DC /* OCFuntime+Methods.m in Sources */ = {isa = PBXBuildFile; fileRef = FA03657E196EE20F00B831DC /* OCFuntime+Methods.m */; };
		FA0365B1196EE20F00B831DC /* NSObject+OCFMethods.m in Sources */ = {isa = PBXBuildFile; fileRef = FA036581196EE20F00B831DC /* NSObject+OCFMethods.m */; };
		FA0365B2196EE20F00B831DC /* OCFMethodsUnit.m in Sources */ = {isa = PBXBuildFile; fileRef = FA036584196EE20F00B831DC /* OCFMethodsUnit.m */; };
		FA0365B3196EE20F00B831DC /* OCFPropertyAttributes.m in Sources */ = {isa = PBXBuildFile; fileRef = FA036588196EE20F00B831DC /* OCFPropertyAttributes.m */; };
		FA0365B4196EE20F00B831DC /* OCFPropertyBlocksBuilder.m in Sources */ = {isa = PBXBuildFile; fileRef = FA03658B196EE20F00B831DC /* OCFPropertyBlocksBuilder.m */; };
		FA0365B5196EE20F00B831DC /* NSException+OCFuntimeProperties.m in Sources */ = {isa = PBXBuildFile; fileRef = FA03658E196EE20F00B831DC /* NSException+OCFuntimeProperties.m */; };
		FA0365B6196EE20F00B831DC /* NSObject+OCFuntimeProperties.m in Sources */ = {isa = PBXBuildFile; fileRef = FA036590196EE20F00B831DC /* NSObject+OCFuntimeProperties.m */; };
		FA0365B7196EE20F00B831DC /* NSString+ASCIIString.m in Sources */ = {isa = PBXBuildFile; fileRef = FA036592196EE20F00B831DC /* NSString+ASCIIString.m */; };
		FA0365B8196EE20F00B831DC /* OCFPropertyFetcher.m in Sources */ = {isa = PBXBuildFile; fileRef = FA036595196EE20F00B831DC /* OCFPropertyFetcher.m */; };
		FA0365B9196EE20F00B831DC /* OCFMethodInjector.m in Sources */ = {isa = PBXBuildFile; fileRef = FA036598196EE20F00B831DC /* OCFMethodInjector.m */; };
		FA0365BA196EE20F00B831DC /* OCFPropertyInjector.m in Sources */ = {isa = PBXBuildFile; fileRef = FA03659A196EE20F00B831DC /* OCFPropertyInjector.m */; };
		FA0365BB196EE20F00B831DC /* OCFuntime+Properties.m in Sources */ = {isa = PBXBuildFile; fileRef = FA03659C196EE20F00B831DC /* OCFuntime+Properties.m */; };
		FA0365BC196EE20F00B831DC /* OCFInvocationParser.m in Sources */ = {isa = PBXBuildFile; fileRef = FA03659F196EE20F00B831DC /* OCFInvocationParser.m */; };
		FA0365BD196EE20F00B831DC /* OCFPropertyParser.m in Sources */ = {isa = PBXBuildFile; fileRef = FA0365A1196EE20F00B831DC /* OCFPropertyParser.m */; };
		FA0365BE196EE20F00B831DC /* OCFWeakStore.m in Sources */ = {isa = PBXBuildFile; fileRef = FA0365A4196EE20F00B831DC /* OCFWeakStore.m */; };
		FA0365BF196EE20F00B831DC /* OCFPropertiesUnit.m in Sources */ = {isa = PBXBuildFile; fileRef = FA0365A7196EE20F00B831DC /* OCFPropertiesUnit.m */; };
		FA0365C0196EE20F00B831DC /* OCFuntime+Shared.m in Sources */ = {isa = PBXBuildFile; fileRef = FA0365AA196EE20F00B831DC /* OCFuntime+Shared.m */; };
		FA0365C3196EE39E00B831DC /* NSObject+OCFProperties.m in Sources */ = {isa = PBXBuildFile; fileRef = FA0365C2196EE39E00B831DC /* NSObject+OCFProperties.m */; };
		FA0365C6196EE46400B831DC /* NSObject+OCFPropertiesSpec.mm in Sources */ = {isa = PBXBuildFile; fileRef = FA0365C5196EE46400B831DC /* NSObject+OCFPropertiesSpec.mm */; settings = {COMPILER_FLAGS = "-fno-objc-arc"; }; };
		FA1F52361785C92400A3C156 /* OCFMethodMock.m in Sources */ = {isa = PBXBuildFile; fileRef = FA1F52341785C92400A3C156 /* OCFMethodMock.m */; };
		FA1F52371785C92400A3C156 /* OCFuntimeMethodsSpec.mm in Sources */ = {isa = PBXBuildFile; fileRef = FA1F52351785C92400A3C156 /* OCFuntimeMethodsSpec.mm */; settings = {COMPILER_FLAGS = "-fno-objc-arc"; }; };
		FA392BCE1785C7BC00FEDB79 /* UIKit.framework in Frameworks */ = {isa = PBXBuildFile; fileRef = FA392BCD1785C7BC00FEDB79 /* UIKit.framework */; };
		FA392BD01785C7BC00FEDB79 /* Foundation.framework in Frameworks */ = {isa = PBXBuildFile; fileRef = FA392BCF1785C7BC00FEDB79 /* Foundation.framework */; };
		FA392BD21785C7BC00FEDB79 /* CoreGraphics.framework in Frameworks */ = {isa = PBXBuildFile; fileRef = FA392BD11785C7BC00FEDB79 /* CoreGraphics.framework */; };
		FA392BD81785C7BC00FEDB79 /* InfoPlist.strings in Resources */ = {isa = PBXBuildFile; fileRef = FA392BD61785C7BC00FEDB79 /* InfoPlist.strings */; };
		FA392BDA1785C7BC00FEDB79 /* main.m in Sources */ = {isa = PBXBuildFile; fileRef = FA392BD91785C7BC00FEDB79 /* main.m */; settings = {COMPILER_FLAGS = "-fno-objc-arc"; }; };
		FA392BE01785C7BC00FEDB79 /* Default.png in Resources */ = {isa = PBXBuildFile; fileRef = FA392BDF1785C7BC00FEDB79 /* Default.png */; };
		FA392BE21785C7BC00FEDB79 /* Default@2x.png in Resources */ = {isa = PBXBuildFile; fileRef = FA392BE11785C7BC00FEDB79 /* Default@2x.png */; };
		FA392BE41785C7BC00FEDB79 /* Default-568h@2x.png in Resources */ = {isa = PBXBuildFile; fileRef = FA392BE31785C7BC00FEDB79 /* Default-568h@2x.png */; };
		FA5113701850C3F200A8FBAA /* OCFPropertyMock.m in Sources */ = {isa = PBXBuildFile; fileRef = FA51136F1850C3F200A8FBAA /* OCFPropertyMock.m */; };
		FA5113721850C7C900A8FBAA /* OCFuntimePropertySpec.mm in Sources */ = {isa = PBXBuildFile; fileRef = FA5113711850C7C900A8FBAA /* OCFuntimePropertySpec.mm */; settings = {COMPILER_FLAGS = "-fno-objc-arc"; }; };
		FA6EC186184CE0D5007DA37B /* NSObject+OCFMethodsSpec.mm in Sources */ = {isa = PBXBuildFile; fileRef = FA6EC185184CE0D5007DA37B /* NSObject+OCFMethodsSpec.mm */; settings = {COMPILER_FLAGS = "-fno-objc-arc"; }; };
/* End PBXBuildFile section */

/* Begin PBXFileReference section */
		34670366F46B46A0B81A81CE /* libPods.a */ = {isa = PBXFileReference; explicitFileType = archive.ar; includeInIndex = 0; path = libPods.a; sourceTree = BUILT_PRODUCTS_DIR; };
		9076973839A34B22B8A1DC77 /* Pods.xcconfig */ = {isa = PBXFileReference; includeInIndex = 1; lastKnownFileType = text.xcconfig; name = Pods.xcconfig; path = Pods/Pods.xcconfig; sourceTree = SOURCE_ROOT; };
		FA03656B196EE20F00B831DC /* NSException+OCFuntimeCore.h */ = {isa = PBXFileReference; fileEncoding = 4; lastKnownFileType = sourcecode.c.h; path = "NSException+OCFuntimeCore.h"; sourceTree = "<group>"; };
		FA03656C196EE20F00B831DC /* NSException+OCFuntimeCore.m */ = {isa = PBXFileReference; fileEncoding = 4; lastKnownFileType = sourcecode.c.objc; path = "NSException+OCFuntimeCore.m"; sourceTree = "<group>"; };
		FA03656D196EE20F00B831DC /* OCFuntime.h */ = {isa = PBXFileReference; fileEncoding = 4; lastKnownFileType = sourcecode.c.h; path = OCFuntime.h; sourceTree = "<group>"; };
		FA03656E196EE20F00B831DC /* OCFuntime.m */ = {isa = PBXFileReference; fileEncoding = 4; lastKnownFileType = sourcecode.c.objc; path = OCFuntime.m; sourceTree = "<group>"; };
		FA036570196EE20F00B831DC /* OCFuntime_Private.h */ = {isa = PBXFileReference; fileEncoding = 4; lastKnownFileType = sourcecode.c.h; path = OCFuntime_Private.h; sourceTree = "<group>"; };
		FA036572196EE20F00B831DC /* OCFUnitProtocol.h */ = {isa = PBXFileReference; fileEncoding = 4; lastKnownFileType = sourcecode.c.h; path = OCFUnitProtocol.h; sourceTree = "<group>"; };
		FA036575196EE20F00B831DC /* NSException+OCFuntimeMethods.h */ = {isa = PBXFileReference; fileEncoding = 4; lastKnownFileType = sourcecode.c.h; path = "NSException+OCFuntimeMethods.h"; sourceTree = "<group>"; };
		FA036576196EE20F00B831DC /* NSException+OCFuntimeMethods.m */ = {isa = PBXFileReference; fileEncoding = 4; lastKnownFileType = sourcecode.c.objc; path = "NSException+OCFuntimeMethods.m"; sourceTree = "<group>"; };
		FA036578196EE20F00B831DC /* OCFClassMethods.h */ = {isa = PBXFileReference; fileEncoding = 4; lastKnownFileType = sourcecode.c.h; path = OCFClassMethods.h; sourceTree = "<group>"; };
		FA036579196EE20F00B831DC /* OCFClassMethods.m */ = {isa = PBXFileReference; fileEncoding = 4; lastKnownFileType = sourcecode.c.objc; path = OCFClassMethods.m; sourceTree = "<group>"; };
		FA03657B196EE20F00B831DC /* OCFMethod.h */ = {isa = PBXFileReference; fileEncoding = 4; lastKnownFileType = sourcecode.c.h; path = OCFMethod.h; sourceTree = "<group>"; };
		FA03657C196EE20F00B831DC /* OCFMethod.m */ = {isa = PBXFileReference; fileEncoding = 4; lastKnownFileType = sourcecode.c.objc; path = OCFMethod.m; sourceTree = "<group>"; };
		FA03657D196EE20F00B831DC /* OCFuntime+Methods.h */ = {isa = PBXFileReference; fileEncoding = 4; lastKnownFileType = sourcecode.c.h; path = "OCFuntime+Methods.h"; sourceTree = "<group>"; };
		FA03657E196EE20F00B831DC /* OCFuntime+Methods.m */ = {isa = PBXFileReference; fileEncoding = 4; lastKnownFileType = sourcecode.c.objc; path = "OCFuntime+Methods.m"; sourceTree = "<group>"; };
		FA036580196EE20F00B831DC /* NSObject+OCFMethods.h */ = {isa = PBXFileReference; fileEncoding = 4; lastKnownFileType = sourcecode.c.h; path = "NSObject+OCFMethods.h"; sourceTree = "<group>"; };
		FA036581196EE20F00B831DC /* NSObject+OCFMethods.m */ = {isa = PBXFileReference; fileEncoding = 4; lastKnownFileType = sourcecode.c.objc; path = "NSObject+OCFMethods.m"; sourceTree = "<group>"; };
		FA036583196EE20F00B831DC /* OCFMethodsUnit.h */ = {isa = PBXFileReference; fileEncoding = 4; lastKnownFileType = sourcecode.c.h; path = OCFMethodsUnit.h; sourceTree = "<group>"; };
		FA036584196EE20F00B831DC /* OCFMethodsUnit.m */ = {isa = PBXFileReference; fileEncoding = 4; lastKnownFileType = sourcecode.c.objc; path = OCFMethodsUnit.m; sourceTree = "<group>"; };
		FA036587196EE20F00B831DC /* OCFPropertyAttributes.h */ = {isa = PBXFileReference; fileEncoding = 4; lastKnownFileType = sourcecode.c.h; path = OCFPropertyAttributes.h; sourceTree = "<group>"; };
		FA036588196EE20F00B831DC /* OCFPropertyAttributes.m */ = {isa = PBXFileReference; fileEncoding = 4; lastKnownFileType = sourcecode.c.objc; path = OCFPropertyAttributes.m; sourceTree = "<group>"; };
		FA03658A196EE20F00B831DC /* OCFPropertyBlocksBuilder.h */ = {isa = PBXFileReference; fileEncoding = 4; lastKnownFileType = sourcecode.c.h; path = OCFPropertyBlocksBuilder.h; sourceTree = "<group>"; };
		FA03658B196EE20F00B831DC /* OCFPropertyBlocksBuilder.m */ = {isa = PBXFileReference; fileEncoding = 4; lastKnownFileType = sourcecode.c.objc; path = OCFPropertyBlocksBuilder.m; sourceTree = "<group>"; };
		FA03658D196EE20F00B831DC /* NSException+OCFuntimeProperties.h */ = {isa = PBXFileReference; fileEncoding = 4; lastKnownFileType = sourcecode.c.h; path = "NSException+OCFuntimeProperties.h"; sourceTree = "<group>"; };
		FA03658E196EE20F00B831DC /* NSException+OCFuntimeProperties.m */ = {isa = PBXFileReference; fileEncoding = 4; lastKnownFileType = sourcecode.c.objc; path = "NSException+OCFuntimeProperties.m"; sourceTree = "<group>"; };
		FA03658F196EE20F00B831DC /* NSObject+OCFuntimeProperties.h */ = {isa = PBXFileReference; fileEncoding = 4; lastKnownFileType = sourcecode.c.h; path = "NSObject+OCFuntimeProperties.h"; sourceTree = "<group>"; };
		FA036590196EE20F00B831DC /* NSObject+OCFuntimeProperties.m */ = {isa = PBXFileReference; fileEncoding = 4; lastKnownFileType = sourcecode.c.objc; path = "NSObject+OCFuntimeProperties.m"; sourceTree = "<group>"; };
		FA036591196EE20F00B831DC /* NSString+ASCIIString.h */ = {isa = PBXFileReference; fileEncoding = 4; lastKnownFileType = sourcecode.c.h; path = "NSString+ASCIIString.h"; sourceTree = "<group>"; };
		FA036592196EE20F00B831DC /* NSString+ASCIIString.m */ = {isa = PBXFileReference; fileEncoding = 4; lastKnownFileType = sourcecode.c.objc; path = "NSString+ASCIIString.m"; sourceTree = "<group>"; };
		FA036594196EE20F00B831DC /* OCFPropertyFetcher.h */ = {isa = PBXFileReference; fileEncoding = 4; lastKnownFileType = sourcecode.c.h; path = OCFPropertyFetcher.h; sourceTree = "<group>"; };
		FA036595196EE20F00B831DC /* OCFPropertyFetcher.m */ = {isa = PBXFileReference; fileEncoding = 4; lastKnownFileType = sourcecode.c.objc; path = OCFPropertyFetcher.m; sourceTree = "<group>"; };
		FA036597196EE20F00B831DC /* OCFMethodInjector.h */ = {isa = PBXFileReference; fileEncoding = 4; lastKnownFileType = sourcecode.c.h; path = OCFMethodInjector.h; sourceTree = "<group>"; };
		FA036598196EE20F00B831DC /* OCFMethodInjector.m */ = {isa = PBXFileReference; fileEncoding = 4; lastKnownFileType = sourcecode.c.objc; path = OCFMethodInjector.m; sourceTree = "<group>"; };
		FA036599196EE20F00B831DC /* OCFPropertyInjector.h */ = {isa = PBXFileReference; fileEncoding = 4; lastKnownFileType = sourcecode.c.h; path = OCFPropertyInjector.h; sourceTree = "<group>"; };
		FA03659A196EE20F00B831DC /* OCFPropertyInjector.m */ = {isa = PBXFileReference; fileEncoding = 4; lastKnownFileType = sourcecode.c.objc; path = OCFPropertyInjector.m; sourceTree = "<group>"; };
		FA03659B196EE20F00B831DC /* OCFuntime+Properties.h */ = {isa = PBXFileReference; fileEncoding = 4; lastKnownFileType = sourcecode.c.h; path = "OCFuntime+Properties.h"; sourceTree = "<group>"; };
		FA03659C196EE20F00B831DC /* OCFuntime+Properties.m */ = {isa = PBXFileReference; fileEncoding = 4; lastKnownFileType = sourcecode.c.objc; path = "OCFuntime+Properties.m"; sourceTree = "<group>"; };
		FA03659E196EE20F00B831DC /* OCFInvocationParser.h */ = {isa = PBXFileReference; fileEncoding = 4; lastKnownFileType = sourcecode.c.h; path = OCFInvocationParser.h; sourceTree = "<group>"; };
		FA03659F196EE20F00B831DC /* OCFInvocationParser.m */ = {isa = PBXFileReference; fileEncoding = 4; lastKnownFileType = sourcecode.c.objc; path = OCFInvocationParser.m; sourceTree = "<group>"; };
		FA0365A0196EE20F00B831DC /* OCFPropertyParser.h */ = {isa = PBXFileReference; fileEncoding = 4; lastKnownFileType = sourcecode.c.h; path = OCFPropertyParser.h; sourceTree = "<group>"; };
		FA0365A1196EE20F00B831DC /* OCFPropertyParser.m */ = {isa = PBXFileReference; fileEncoding = 4; lastKnownFileType = sourcecode.c.objc; path = OCFPropertyParser.m; sourceTree = "<group>"; };
		FA0365A3196EE20F00B831DC /* OCFWeakStore.h */ = {isa = PBXFileReference; fileEncoding = 4; lastKnownFileType = sourcecode.c.h; path = OCFWeakStore.h; sourceTree = "<group>"; };
		FA0365A4196EE20F00B831DC /* OCFWeakStore.m */ = {isa = PBXFileReference; fileEncoding = 4; lastKnownFileType = sourcecode.c.objc; path = OCFWeakStore.m; sourceTree = "<group>"; };
		FA0365A6196EE20F00B831DC /* OCFPropertiesUnit.h */ = {isa = PBXFileReference; fileEncoding = 4; lastKnownFileType = sourcecode.c.h; path = OCFPropertiesUnit.h; sourceTree = "<group>"; };
		FA0365A7196EE20F00B831DC /* OCFPropertiesUnit.m */ = {isa = PBXFileReference; fileEncoding = 4; lastKnownFileType = sourcecode.c.objc; path = OCFPropertiesUnit.m; sourceTree = "<group>"; };
		FA0365A9196EE20F00B831DC /* OCFuntime+Shared.h */ = {isa = PBXFileReference; fileEncoding = 4; lastKnownFileType = sourcecode.c.h; path = "OCFuntime+Shared.h"; sourceTree = "<group>"; };
		FA0365AA196EE20F00B831DC /* OCFuntime+Shared.m */ = {isa = PBXFileReference; fileEncoding = 4; lastKnownFileType = sourcecode.c.objc; path = "OCFuntime+Shared.m"; sourceTree = "<group>"; };
		FA0365C1196EE39E00B831DC /* NSObject+OCFProperties.h */ = {isa = PBXFileReference; fileEncoding = 4; lastKnownFileType = sourcecode.c.h; name = "NSObject+OCFProperties.h"; path = "Subspecs/NSObject+OCFProperties.h"; sourceTree = "<group>"; };
		FA0365C2196EE39E00B831DC /* NSObject+OCFProperties.m */ = {isa = PBXFileReference; fileEncoding = 4; lastKnownFileType = sourcecode.c.objc; name = "NSObject+OCFProperties.m"; path = "Subspecs/NSObject+OCFProperties.m"; sourceTree = "<group>"; };
		FA0365C5196EE46400B831DC /* NSObject+OCFPropertiesSpec.mm */ = {isa = PBXFileReference; fileEncoding = 4; lastKnownFileType = sourcecode.cpp.objcpp; path = "NSObject+OCFPropertiesSpec.mm"; sourceTree = "<group>"; };
		FA1F52331785C92400A3C156 /* OCFMethodMock.h */ = {isa = PBXFileReference; fileEncoding = 4; lastKnownFileType = sourcecode.c.h; path = OCFMethodMock.h; sourceTree = "<group>"; };
		FA1F52341785C92400A3C156 /* OCFMethodMock.m */ = {isa = PBXFileReference; fileEncoding = 4; lastKnownFileType = sourcecode.c.objc; path = OCFMethodMock.m; sourceTree = "<group>"; };
		FA1F52351785C92400A3C156 /* OCFuntimeMethodsSpec.mm */ = {isa = PBXFileReference; fileEncoding = 4; lastKnownFileType = sourcecode.cpp.objcpp; path = OCFuntimeMethodsSpec.mm; sourceTree = "<group>"; };
		FA392BCA1785C7BC00FEDB79 /* OCFuntimeSpec.app */ = {isa = PBXFileReference; explicitFileType = wrapper.application; includeInIndex = 0; path = OCFuntimeSpec.app; sourceTree = BUILT_PRODUCTS_DIR; };
		FA392BCD1785C7BC00FEDB79 /* UIKit.framework */ = {isa = PBXFileReference; lastKnownFileType = wrapper.framework; name = UIKit.framework; path = System/Library/Frameworks/UIKit.framework; sourceTree = SDKROOT; };
		FA392BCF1785C7BC00FEDB79 /* Foundation.framework */ = {isa = PBXFileReference; lastKnownFileType = wrapper.framework; name = Foundation.framework; path = System/Library/Frameworks/Foundation.framework; sourceTree = SDKROOT; };
		FA392BD11785C7BC00FEDB79 /* CoreGraphics.framework */ = {isa = PBXFileReference; lastKnownFileType = wrapper.framework; name = CoreGraphics.framework; path = System/Library/Frameworks/CoreGraphics.framework; sourceTree = SDKROOT; };
		FA392BD51785C7BC00FEDB79 /* OCFuntimeSpec-Info.plist */ = {isa = PBXFileReference; lastKnownFileType = text.plist.xml; path = "OCFuntimeSpec-Info.plist"; sourceTree = "<group>"; };
		FA392BD71785C7BC00FEDB79 /* en */ = {isa = PBXFileReference; lastKnownFileType = text.plist.strings; name = en; path = en.lproj/InfoPlist.strings; sourceTree = "<group>"; };
		FA392BD91785C7BC00FEDB79 /* main.m */ = {isa = PBXFileReference; lastKnownFileType = sourcecode.c.objc; path = main.m; sourceTree = "<group>"; };
		FA392BDB1785C7BC00FEDB79 /* OCFuntimeSpec-Prefix.pch */ = {isa = PBXFileReference; lastKnownFileType = sourcecode.c.h; path = "OCFuntimeSpec-Prefix.pch"; sourceTree = "<group>"; };
		FA392BDF1785C7BC00FEDB79 /* Default.png */ = {isa = PBXFileReference; lastKnownFileType = image.png; path = Default.png; sourceTree = "<group>"; };
		FA392BE11785C7BC00FEDB79 /* Default@2x.png */ = {isa = PBXFileReference; lastKnownFileType = image.png; path = "Default@2x.png"; sourceTree = "<group>"; };
		FA392BE31785C7BC00FEDB79 /* Default-568h@2x.png */ = {isa = PBXFileReference; lastKnownFileType = image.png; path = "Default-568h@2x.png"; sourceTree = "<group>"; };
		FA51136E1850C3F200A8FBAA /* OCFPropertyMock.h */ = {isa = PBXFileReference; fileEncoding = 4; lastKnownFileType = sourcecode.c.h; path = OCFPropertyMock.h; sourceTree = "<group>"; };
		FA51136F1850C3F200A8FBAA /* OCFPropertyMock.m */ = {isa = PBXFileReference; fileEncoding = 4; lastKnownFileType = sourcecode.c.objc; path = OCFPropertyMock.m; sourceTree = "<group>"; };
		FA5113711850C7C900A8FBAA /* OCFuntimePropertySpec.mm */ = {isa = PBXFileReference; fileEncoding = 4; lastKnownFileType = sourcecode.cpp.objcpp; path = OCFuntimePropertySpec.mm; sourceTree = "<group>"; };
		FA6EC185184CE0D5007DA37B /* NSObject+OCFMethodsSpec.mm */ = {isa = PBXFileReference; fileEncoding = 4; lastKnownFileType = sourcecode.cpp.objcpp; path = "NSObject+OCFMethodsSpec.mm"; sourceTree = "<group>"; };
/* End PBXFileReference section */

/* Begin PBXFrameworksBuildPhase section */
		FA392BC71785C7BC00FEDB79 /* Frameworks */ = {
			isa = PBXFrameworksBuildPhase;
			buildActionMask = 2147483647;
			files = (
				FA392BCE1785C7BC00FEDB79 /* UIKit.framework in Frameworks */,
				FA392BD01785C7BC00FEDB79 /* Foundation.framework in Frameworks */,
				FA392BD21785C7BC00FEDB79 /* CoreGraphics.framework in Frameworks */,
				ED94B83B8B534236A7B31851 /* libPods.a in Frameworks */,
			);
			runOnlyForDeploymentPostprocessing = 0;
		};
/* End PBXFrameworksBuildPhase section */

/* Begin PBXGroup section */
		FA036568196EE20F00B831DC /* Classes */ = {
			isa = PBXGroup;
			children = (
				FA036569196EE20F00B831DC /* Core */,
				FA036573196EE20F00B831DC /* Methods */,
				FA036585196EE20F00B831DC /* Properties */,
				FA0365A8196EE20F00B831DC /* Shared */,
			);
			name = Classes;
			path = ../Classes;
			sourceTree = "<group>";
		};
		FA036569196EE20F00B831DC /* Core */ = {
			isa = PBXGroup;
			children = (
				FA03656A196EE20F00B831DC /* Categories */,
				FA03656F196EE20F00B831DC /* Private */,
				FA036571196EE20F00B831DC /* Protocols */,
				FA03656D196EE20F00B831DC /* OCFuntime.h */,
				FA03656E196EE20F00B831DC /* OCFuntime.m */,
			);
			path = Core;
			sourceTree = "<group>";
		};
		FA03656A196EE20F00B831DC /* Categories */ = {
			isa = PBXGroup;
			children = (
				FA03656B196EE20F00B831DC /* NSException+OCFuntimeCore.h */,
				FA03656C196EE20F00B831DC /* NSException+OCFuntimeCore.m */,
			);
			path = Categories;
			sourceTree = "<group>";
		};
		FA03656F196EE20F00B831DC /* Private */ = {
			isa = PBXGroup;
			children = (
				FA036570196EE20F00B831DC /* OCFuntime_Private.h */,
			);
			path = Private;
			sourceTree = "<group>";
		};
		FA036571196EE20F00B831DC /* Protocols */ = {
			isa = PBXGroup;
			children = (
				FA036572196EE20F00B831DC /* OCFUnitProtocol.h */,
			);
			path = Protocols;
			sourceTree = "<group>";
		};
		FA036573196EE20F00B831DC /* Methods */ = {
			isa = PBXGroup;
			children = (
				FA036582196EE20F00B831DC /* Units */,
				FA036574196EE20F00B831DC /* Categories */,
				FA036577196EE20F00B831DC /* Containers */,
				FA03657A196EE20F00B831DC /* Methods */,
				FA03657F196EE20F00B831DC /* Subspecs */,
				FA03657D196EE20F00B831DC /* OCFuntime+Methods.h */,
				FA03657E196EE20F00B831DC /* OCFuntime+Methods.m */,
			);
			path = Methods;
			sourceTree = "<group>";
		};
		FA036574196EE20F00B831DC /* Categories */ = {
			isa = PBXGroup;
			children = (
				FA036575196EE20F00B831DC /* NSException+OCFuntimeMethods.h */,
				FA036576196EE20F00B831DC /* NSException+OCFuntimeMethods.m */,
			);
			path = Categories;
			sourceTree = "<group>";
		};
		FA036577196EE20F00B831DC /* Containers */ = {
			isa = PBXGroup;
			children = (
				FA036578196EE20F00B831DC /* OCFClassMethods.h */,
				FA036579196EE20F00B831DC /* OCFClassMethods.m */,
			);
			path = Containers;
			sourceTree = "<group>";
		};
		FA03657A196EE20F00B831DC /* Methods */ = {
			isa = PBXGroup;
			children = (
				FA03657B196EE20F00B831DC /* OCFMethod.h */,
				FA03657C196EE20F00B831DC /* OCFMethod.m */,
			);
			path = Methods;
			sourceTree = "<group>";
		};
		FA03657F196EE20F00B831DC /* Subspecs */ = {
			isa = PBXGroup;
			children = (
				FA036580196EE20F00B831DC /* NSObject+OCFMethods.h */,
				FA036581196EE20F00B831DC /* NSObject+OCFMethods.m */,
			);
			path = Subspecs;
			sourceTree = "<group>";
		};
		FA036582196EE20F00B831DC /* Units */ = {
			isa = PBXGroup;
			children = (
				FA036583196EE20F00B831DC /* OCFMethodsUnit.h */,
				FA036584196EE20F00B831DC /* OCFMethodsUnit.m */,
			);
			path = Units;
			sourceTree = "<group>";
		};
		FA036585196EE20F00B831DC /* Properties */ = {
			isa = PBXGroup;
			children = (
				FA0365A5196EE20F00B831DC /* Units */,
				FA036586196EE20F00B831DC /* Attributes */,
				FA036589196EE20F00B831DC /* Builders */,
				FA03658C196EE20F00B831DC /* Categories */,
				FA036593196EE20F00B831DC /* Fetchers */,
				FA036596196EE20F00B831DC /* Injectors */,
				FA03659D196EE20F00B831DC /* Parsers */,
				FA0365A2196EE20F00B831DC /* Stores */,
				FA0365C4196EE3A400B831DC /* Subspecs */,
				FA03659B196EE20F00B831DC /* OCFuntime+Properties.h */,
				FA03659C196EE20F00B831DC /* OCFuntime+Properties.m */,
			);
			path = Properties;
			sourceTree = "<group>";
		};
		FA036586196EE20F00B831DC /* Attributes */ = {
			isa = PBXGroup;
			children = (
				FA036587196EE20F00B831DC /* OCFPropertyAttributes.h */,
				FA036588196EE20F00B831DC /* OCFPropertyAttributes.m */,
			);
			path = Attributes;
			sourceTree = "<group>";
		};
		FA036589196EE20F00B831DC /* Builders */ = {
			isa = PBXGroup;
			children = (
				FA03658A196EE20F00B831DC /* OCFPropertyBlocksBuilder.h */,
				FA03658B196EE20F00B831DC /* OCFPropertyBlocksBuilder.m */,
			);
			path = Builders;
			sourceTree = "<group>";
		};
		FA03658C196EE20F00B831DC /* Categories */ = {
			isa = PBXGroup;
			children = (
				FA03658D196EE20F00B831DC /* NSException+OCFuntimeProperties.h */,
				FA03658E196EE20F00B831DC /* NSException+OCFuntimeProperties.m */,
				FA03658F196EE20F00B831DC /* NSObject+OCFuntimeProperties.h */,
				FA036590196EE20F00B831DC /* NSObject+OCFuntimeProperties.m */,
				FA036591196EE20F00B831DC /* NSString+ASCIIString.h */,
				FA036592196EE20F00B831DC /* NSString+ASCIIString.m */,
			);
			path = Categories;
			sourceTree = "<group>";
		};
		FA036593196EE20F00B831DC /* Fetchers */ = {
			isa = PBXGroup;
			children = (
				FA036594196EE20F00B831DC /* OCFPropertyFetcher.h */,
				FA036595196EE20F00B831DC /* OCFPropertyFetcher.m */,
			);
			path = Fetchers;
			sourceTree = "<group>";
		};
		FA036596196EE20F00B831DC /* Injectors */ = {
			isa = PBXGroup;
			children = (
				FA036597196EE20F00B831DC /* OCFMethodInjector.h */,
				FA036598196EE20F00B831DC /* OCFMethodInjector.m */,
				FA036599196EE20F00B831DC /* OCFPropertyInjector.h */,
				FA03659A196EE20F00B831DC /* OCFPropertyInjector.m */,
			);
			path = Injectors;
			sourceTree = "<group>";
		};
		FA03659D196EE20F00B831DC /* Parsers */ = {
			isa = PBXGroup;
			children = (
				FA03659E196EE20F00B831DC /* OCFInvocationParser.h */,
				FA03659F196EE20F00B831DC /* OCFInvocationParser.m */,
				FA0365A0196EE20F00B831DC /* OCFPropertyParser.h */,
				FA0365A1196EE20F00B831DC /* OCFPropertyParser.m */,
			);
			path = Parsers;
			sourceTree = "<group>";
		};
		FA0365A2196EE20F00B831DC /* Stores */ = {
			isa = PBXGroup;
			children = (
				FA0365A3196EE20F00B831DC /* OCFWeakStore.h */,
				FA0365A4196EE20F00B831DC /* OCFWeakStore.m */,
			);
			path = Stores;
			sourceTree = "<group>";
		};
		FA0365A5196EE20F00B831DC /* Units */ = {
			isa = PBXGroup;
			children = (
				FA0365A6196EE20F00B831DC /* OCFPropertiesUnit.h */,
				FA0365A7196EE20F00B831DC /* OCFPropertiesUnit.m */,
			);
			path = Units;
			sourceTree = "<group>";
		};
		FA0365A8196EE20F00B831DC /* Shared */ = {
			isa = PBXGroup;
			children = (
				FA0365A9196EE20F00B831DC /* OCFuntime+Shared.h */,
				FA0365AA196EE20F00B831DC /* OCFuntime+Shared.m */,
			);
			path = Shared;
			sourceTree = "<group>";
		};
		FA0365C4196EE3A400B831DC /* Subspecs */ = {
			isa = PBXGroup;
			children = (
				FA0365C1196EE39E00B831DC /* NSObject+OCFProperties.h */,
				FA0365C2196EE39E00B831DC /* NSObject+OCFProperties.m */,
			);
			name = Subspecs;
			sourceTree = "<group>";
		};
		FA1F52321785C92400A3C156 /* Mocks */ = {
			isa = PBXGroup;
			children = (
				FA1F52331785C92400A3C156 /* OCFMethodMock.h */,
				FA1F52341785C92400A3C156 /* OCFMethodMock.m */,
				FA51136E1850C3F200A8FBAA /* OCFPropertyMock.h */,
				FA51136F1850C3F200A8FBAA /* OCFPropertyMock.m */,
			);
			path = Mocks;
			sourceTree = "<group>";
		};
		FA1F52381785C92B00A3C156 /* Spec */ = {
			isa = PBXGroup;
			children = (
				FA1F52351785C92400A3C156 /* OCFuntimeMethodsSpec.mm */,
				FA5113711850C7C900A8FBAA /* OCFuntimePropertySpec.mm */,
				FA6EC185184CE0D5007DA37B /* NSObject+OCFMethodsSpec.mm */,
				FA0365C5196EE46400B831DC /* NSObject+OCFPropertiesSpec.mm */,
			);
			name = Spec;
			sourceTree = "<group>";
		};
		FA392BC11785C7BC00FEDB79 = {
			isa = PBXGroup;
			children = (
				FA036568196EE20F00B831DC /* Classes */,
				FA392BD31785C7BC00FEDB79 /* OCFuntimeSpec */,
				FA392BCC1785C7BC00FEDB79 /* Frameworks */,
				FA392BCB1785C7BC00FEDB79 /* Products */,
				9076973839A34B22B8A1DC77 /* Pods.xcconfig */,
			);
			sourceTree = "<group>";
		};
		FA392BCB1785C7BC00FEDB79 /* Products */ = {
			isa = PBXGroup;
			children = (
				FA392BCA1785C7BC00FEDB79 /* OCFuntimeSpec.app */,
			);
			name = Products;
			sourceTree = "<group>";
		};
		FA392BCC1785C7BC00FEDB79 /* Frameworks */ = {
			isa = PBXGroup;
			children = (
				FA392BCD1785C7BC00FEDB79 /* UIKit.framework */,
				FA392BCF1785C7BC00FEDB79 /* Foundation.framework */,
				FA392BD11785C7BC00FEDB79 /* CoreGraphics.framework */,
				34670366F46B46A0B81A81CE /* libPods.a */,
			);
			name = Frameworks;
			sourceTree = "<group>";
		};
		FA392BD31785C7BC00FEDB79 /* OCFuntimeSpec */ = {
			isa = PBXGroup;
			children = (
				FA1F52381785C92B00A3C156 /* Spec */,
				FA1F52321785C92400A3C156 /* Mocks */,
				FA392BD41785C7BC00FEDB79 /* Supporting Files */,
			);
			path = OCFuntimeSpec;
			sourceTree = "<group>";
		};
		FA392BD41785C7BC00FEDB79 /* Supporting Files */ = {
			isa = PBXGroup;
			children = (
				FA392BD51785C7BC00FEDB79 /* OCFuntimeSpec-Info.plist */,
				FA392BD61785C7BC00FEDB79 /* InfoPlist.strings */,
				FA392BD91785C7BC00FEDB79 /* main.m */,
				FA392BDB1785C7BC00FEDB79 /* OCFuntimeSpec-Prefix.pch */,
				FA392BDF1785C7BC00FEDB79 /* Default.png */,
				FA392BE11785C7BC00FEDB79 /* Default@2x.png */,
				FA392BE31785C7BC00FEDB79 /* Default-568h@2x.png */,
			);
			name = "Supporting Files";
			sourceTree = "<group>";
		};
/* End PBXGroup section */

/* Begin PBXNativeTarget section */
		FA392BC91785C7BC00FEDB79 /* OCFuntimeSpec */ = {
			isa = PBXNativeTarget;
			buildConfigurationList = FA392BE71785C7BC00FEDB79 /* Build configuration list for PBXNativeTarget "OCFuntimeSpec" */;
			buildPhases = (
				1BB8A45E6FE040E399710F26 /* Check Pods Manifest.lock */,
				FA392BC61785C7BC00FEDB79 /* Sources */,
				FA392BC71785C7BC00FEDB79 /* Frameworks */,
				FA392BC81785C7BC00FEDB79 /* Resources */,
				2FECF41ADDC64B50AB73767C /* Copy Pods Resources */,
			);
			buildRules = (
			);
			dependencies = (
			);
			name = OCFuntimeSpec;
			productName = OCFuntimeSpec;
			productReference = FA392BCA1785C7BC00FEDB79 /* OCFuntimeSpec.app */;
			productType = "com.apple.product-type.application";
		};
/* End PBXNativeTarget section */

/* Begin PBXProject section */
		FA392BC21785C7BC00FEDB79 /* Project object */ = {
			isa = PBXProject;
			attributes = {
				LastUpgradeCheck = 0460;
				ORGANIZATIONNAME = okolodev;
			};
			buildConfigurationList = FA392BC51785C7BC00FEDB79 /* Build configuration list for PBXProject "OCFuntimeSpec" */;
			compatibilityVersion = "Xcode 3.2";
			developmentRegion = English;
			hasScannedForEncodings = 0;
			knownRegions = (
				en,
			);
			mainGroup = FA392BC11785C7BC00FEDB79;
			productRefGroup = FA392BCB1785C7BC00FEDB79 /* Products */;
			projectDirPath = "";
			projectRoot = "";
			targets = (
				FA392BC91785C7BC00FEDB79 /* OCFuntimeSpec */,
			);
		};
/* End PBXProject section */

/* Begin PBXResourcesBuildPhase section */
		FA392BC81785C7BC00FEDB79 /* Resources */ = {
			isa = PBXResourcesBuildPhase;
			buildActionMask = 2147483647;
			files = (
				FA392BD81785C7BC00FEDB79 /* InfoPlist.strings in Resources */,
				FA392BE01785C7BC00FEDB79 /* Default.png in Resources */,
				FA392BE21785C7BC00FEDB79 /* Default@2x.png in Resources */,
				FA392BE41785C7BC00FEDB79 /* Default-568h@2x.png in Resources */,
			);
			runOnlyForDeploymentPostprocessing = 0;
		};
/* End PBXResourcesBuildPhase section */

/* Begin PBXShellScriptBuildPhase section */
		1BB8A45E6FE040E399710F26 /* Check Pods Manifest.lock */ = {
			isa = PBXShellScriptBuildPhase;
			buildActionMask = 2147483647;
			files = (
			);
			inputPaths = (
			);
			name = "Check Pods Manifest.lock";
			outputPaths = (
			);
			runOnlyForDeploymentPostprocessing = 0;
			shellPath = /bin/sh;
			shellScript = "diff \"${PODS_ROOT}/../Podfile.lock\" \"${PODS_ROOT}/Manifest.lock\" > /dev/null\nif [[ $? != 0 ]] ; then\n    cat << EOM\nerror: The sandbox is not in sync with the Podfile.lock. Run 'pod install' or update your CocoaPods installation.\nEOM\n    exit 1\nfi\n";
		};
		2FECF41ADDC64B50AB73767C /* Copy Pods Resources */ = {
			isa = PBXShellScriptBuildPhase;
			buildActionMask = 2147483647;
			files = (
			);
			inputPaths = (
			);
			name = "Copy Pods Resources";
			outputPaths = (
			);
			runOnlyForDeploymentPostprocessing = 0;
			shellPath = /bin/sh;
			shellScript = "\"${SRCROOT}/Pods/Pods-resources.sh\"\n";
		};
/* End PBXShellScriptBuildPhase section */

/* Begin PBXSourcesBuildPhase section */
		FA392BC61785C7BC00FEDB79 /* Sources */ = {
			isa = PBXSourcesBuildPhase;
			buildActionMask = 2147483647;
			files = (
				FA0365BE196EE20F00B831DC /* OCFWeakStore.m in Sources */,
				FA0365B5196EE20F00B831DC /* NSException+OCFuntimeProperties.m in Sources */,
				FA0365B3196EE20F00B831DC /* OCFPropertyAttributes.m in Sources */,
				FA0365AE196EE20F00B831DC /* OCFClassMethods.m in Sources */,
				FA0365AC196EE20F00B831DC /* OCFuntime.m in Sources */,
				FA392BDA1785C7BC00FEDB79 /* main.m in Sources */,
				FA0365B0196EE20F00B831DC /* OCFuntime+Methods.m in Sources */,
				FA0365AD196EE20F00B831DC /* NSException+OCFuntimeMethods.m in Sources */,
				FA0365AB196EE20F00B831DC /* NSException+OCFuntimeCore.m in Sources */,
				FA0365BF196EE20F00B831DC /* OCFPropertiesUnit.m in Sources */,
				FA0365B4196EE20F00B831DC /* OCFPropertyBlocksBuilder.m in Sources */,
				FA0365B6196EE20F00B831DC /* NSObject+OCFuntimeProperties.m in Sources */,
				FA0365BD196EE20F00B831DC /* OCFPropertyParser.m in Sources */,
				FA1F52361785C92400A3C156 /* OCFMethodMock.m in Sources */,
				FA0365B9196EE20F00B831DC /* OCFMethodInjector.m in Sources */,
				FA0365C6196EE46400B831DC /* NSObject+OCFPropertiesSpec.mm in Sources */,
				FA5113721850C7C900A8FBAA /* OCFuntimePropertySpec.mm in Sources */,
				FA0365BA196EE20F00B831DC /* OCFPropertyInjector.m in Sources */,
				FA0365AF196EE20F00B831DC /* OCFMethod.m in Sources */,
				FA0365B8196EE20F00B831DC /* OCFPropertyFetcher.m in Sources */,
				FA0365BB196EE20F00B831DC /* OCFuntime+Properties.m in Sources */,
				FA0365B2196EE20F00B831DC /* OCFMethodsUnit.m in Sources */,
				FA0365B7196EE20F00B831DC /* NSString+ASCIIString.m in Sources */,
				FA1F52371785C92400A3C156 /* OCFuntimeMethodsSpec.mm in Sources */,
				FA5113701850C3F200A8FBAA /* OCFPropertyMock.m in Sources */,
				FA0365C0196EE20F00B831DC /* OCFuntime+Shared.m in Sources */,
				FA6EC186184CE0D5007DA37B /* NSObject+OCFMethodsSpec.mm in Sources */,
				FA0365C3196EE39E00B831DC /* NSObject+OCFProperties.m in Sources */,
				FA0365B1196EE20F00B831DC /* NSObject+OCFMethods.m in Sources */,
				FA0365BC196EE20F00B831DC /* OCFInvocationParser.m in Sources */,
			);
			runOnlyForDeploymentPostprocessing = 0;
		};
/* End PBXSourcesBuildPhase section */

/* Begin PBXVariantGroup section */
		FA392BD61785C7BC00FEDB79 /* InfoPlist.strings */ = {
			isa = PBXVariantGroup;
			children = (
				FA392BD71785C7BC00FEDB79 /* en */,
			);
			name = InfoPlist.strings;
			sourceTree = "<group>";
		};
/* End PBXVariantGroup section */

/* Begin XCBuildConfiguration section */
		FA392BE51785C7BC00FEDB79 /* Debug */ = {
			isa = XCBuildConfiguration;
			buildSettings = {
				ALWAYS_SEARCH_USER_PATHS = NO;
				CLANG_CXX_LANGUAGE_STANDARD = "gnu++0x";
				CLANG_CXX_LIBRARY = "libc++";
				CLANG_WARN_CONSTANT_CONVERSION = YES;
				CLANG_WARN_EMPTY_BODY = YES;
				CLANG_WARN_ENUM_CONVERSION = YES;
				CLANG_WARN_INT_CONVERSION = YES;
				CLANG_WARN__DUPLICATE_METHOD_MATCH = YES;
				"CODE_SIGN_IDENTITY[sdk=iphoneos*]" = "iPhone Developer";
				COPY_PHASE_STRIP = NO;
				GCC_C_LANGUAGE_STANDARD = gnu99;
				GCC_DYNAMIC_NO_PIC = NO;
				GCC_OPTIMIZATION_LEVEL = 0;
				GCC_PREPROCESSOR_DEFINITIONS = (
					"DEBUG=1",
					"$(inherited)",
				);
				GCC_SYMBOLS_PRIVATE_EXTERN = NO;
				GCC_WARN_ABOUT_RETURN_TYPE = YES;
				GCC_WARN_UNINITIALIZED_AUTOS = YES;
				GCC_WARN_UNUSED_VARIABLE = YES;
				IPHONEOS_DEPLOYMENT_TARGET = 6.1;
				ONLY_ACTIVE_ARCH = YES;
				SDKROOT = iphoneos;
			};
			name = Debug;
		};
		FA392BE61785C7BC00FEDB79 /* Release */ = {
			isa = XCBuildConfiguration;
			buildSettings = {
				ALWAYS_SEARCH_USER_PATHS = NO;
				CLANG_CXX_LANGUAGE_STANDARD = "gnu++0x";
				CLANG_CXX_LIBRARY = "libc++";
				CLANG_WARN_CONSTANT_CONVERSION = YES;
				CLANG_WARN_EMPTY_BODY = YES;
				CLANG_WARN_ENUM_CONVERSION = YES;
				CLANG_WARN_INT_CONVERSION = YES;
				CLANG_WARN__DUPLICATE_METHOD_MATCH = YES;
				"CODE_SIGN_IDENTITY[sdk=iphoneos*]" = "iPhone Developer";
				COPY_PHASE_STRIP = YES;
				GCC_C_LANGUAGE_STANDARD = gnu99;
				GCC_WARN_ABOUT_RETURN_TYPE = YES;
				GCC_WARN_UNINITIALIZED_AUTOS = YES;
				GCC_WARN_UNUSED_VARIABLE = YES;
				IPHONEOS_DEPLOYMENT_TARGET = 6.1;
				OTHER_CFLAGS = "-DNS_BLOCK_ASSERTIONS=1";
				SDKROOT = iphoneos;
				VALIDATE_PRODUCT = YES;
			};
			name = Release;
		};
		FA392BE81785C7BC00FEDB79 /* Debug */ = {
			isa = XCBuildConfiguration;
			baseConfigurationReference = 9076973839A34B22B8A1DC77 /* Pods.xcconfig */;
			buildSettings = {
				CLANG_ENABLE_OBJC_ARC = YES;
				GCC_PRECOMPILE_PREFIX_HEADER = YES;
				GCC_PREFIX_HEADER = "OCFuntimeSpec/OCFuntimeSpec-Prefix.pch";
				INFOPLIST_FILE = "OCFuntimeSpec/OCFuntimeSpec-Info.plist";
				PRODUCT_NAME = "$(TARGET_NAME)";
				WRAPPER_EXTENSION = app;
			};
			name = Debug;
		};
		FA392BE91785C7BC00FEDB79 /* Release */ = {
			isa = XCBuildConfiguration;
			baseConfigurationReference = 9076973839A34B22B8A1DC77 /* Pods.xcconfig */;
			buildSettings = {
				CLANG_ENABLE_OBJC_ARC = YES;
				GCC_PRECOMPILE_PREFIX_HEADER = YES;
				GCC_PREFIX_HEADER = "OCFuntimeSpec/OCFuntimeSpec-Prefix.pch";
				INFOPLIST_FILE = "OCFuntimeSpec/OCFuntimeSpec-Info.plist";
				PRODUCT_NAME = "$(TARGET_NAME)";
				WRAPPER_EXTENSION = app;
			};
			name = Release;
		};
/* End XCBuildConfiguration section */

/* Begin XCConfigurationList section */
		FA392BC51785C7BC00FEDB79 /* Build configuration list for PBXProject "OCFuntimeSpec" */ = {
			isa = XCConfigurationList;
			buildConfigurations = (
				FA392BE51785C7BC00FEDB79 /* Debug */,
				FA392BE61785C7BC00FEDB79 /* Release */,
			);
			defaultConfigurationIsVisible = 0;
			defaultConfigurationName = Release;
		};
		FA392BE71785C7BC00FEDB79 /* Build configuration list for PBXNativeTarget "OCFuntimeSpec" */ = {
			isa = XCConfigurationList;
			buildConfigurations = (
				FA392BE81785C7BC00FEDB79 /* Debug */,
				FA392BE91785C7BC00FEDB79 /* Release */,
			);
			defaultConfigurationIsVisible = 0;
			defaultConfigurationName = Release;
		};
/* End XCConfigurationList section */
	};
	rootObject = FA392BC21785C7BC00FEDB79 /* Project object */;
}
