// !$*UTF8*$!
{
	archiveVersion = 1;
	classes = {
	};
	objectVersion = 46;
	objects = {

/* Begin PBXBuildFile section */
		ED94B83B8B534236A7B31851 /* libPods.a in Frameworks */ = {isa = PBXBuildFile; fileRef = 34670366F46B46A0B81A81CE /* libPods.a */; };
		FA1F52361785C92400A3C156 /* OCFMock.m in Sources */ = {isa = PBXBuildFile; fileRef = FA1F52341785C92400A3C156 /* OCFMock.m */; };
		FA1F52371785C92400A3C156 /* OCFuntimeMethodsSpec.mm in Sources */ = {isa = PBXBuildFile; fileRef = FA1F52351785C92400A3C156 /* OCFuntimeMethodsSpec.mm */; settings = {COMPILER_FLAGS = "-fno-objc-arc"; }; };
		FA1F524A1785C96800A3C156 /* OCFMethodImplementation.m in Sources */ = {isa = PBXBuildFile; fileRef = FA1F52451785C96800A3C156 /* OCFMethodImplementation.m */; };
		FA1F524B1785C96800A3C156 /* OCFClassMethods.m in Sources */ = {isa = PBXBuildFile; fileRef = FA1F52471785C96800A3C156 /* OCFClassMethods.m */; };
		FA1F524C1785C96800A3C156 /* OCFuntime.m in Sources */ = {isa = PBXBuildFile; fileRef = FA1F52491785C96800A3C156 /* OCFuntime.m */; };
		FA392BCE1785C7BC00FEDB79 /* UIKit.framework in Frameworks */ = {isa = PBXBuildFile; fileRef = FA392BCD1785C7BC00FEDB79 /* UIKit.framework */; };
		FA392BD01785C7BC00FEDB79 /* Foundation.framework in Frameworks */ = {isa = PBXBuildFile; fileRef = FA392BCF1785C7BC00FEDB79 /* Foundation.framework */; };
		FA392BD21785C7BC00FEDB79 /* CoreGraphics.framework in Frameworks */ = {isa = PBXBuildFile; fileRef = FA392BD11785C7BC00FEDB79 /* CoreGraphics.framework */; };
		FA392BD81785C7BC00FEDB79 /* InfoPlist.strings in Resources */ = {isa = PBXBuildFile; fileRef = FA392BD61785C7BC00FEDB79 /* InfoPlist.strings */; };
		FA392BDA1785C7BC00FEDB79 /* main.m in Sources */ = {isa = PBXBuildFile; fileRef = FA392BD91785C7BC00FEDB79 /* main.m */; settings = {COMPILER_FLAGS = "-fno-objc-arc"; }; };
		FA392BE01785C7BC00FEDB79 /* Default.png in Resources */ = {isa = PBXBuildFile; fileRef = FA392BDF1785C7BC00FEDB79 /* Default.png */; };
		FA392BE21785C7BC00FEDB79 /* Default@2x.png in Resources */ = {isa = PBXBuildFile; fileRef = FA392BE11785C7BC00FEDB79 /* Default@2x.png */; };
		FA392BE41785C7BC00FEDB79 /* Default-568h@2x.png in Resources */ = {isa = PBXBuildFile; fileRef = FA392BE31785C7BC00FEDB79 /* Default-568h@2x.png */; };
		FA5113701850C3F200A8FBAA /* OCFPropertyMock.m in Sources */ = {isa = PBXBuildFile; fileRef = FA51136F1850C3F200A8FBAA /* OCFPropertyMock.m */; };
		FA5113721850C7C900A8FBAA /* OCFuntimePropertySpec.mm in Sources */ = {isa = PBXBuildFile; fileRef = FA5113711850C7C900A8FBAA /* OCFuntimePropertySpec.mm */; settings = {COMPILER_FLAGS = "-fno-objc-arc"; }; };
		FA6EC180184CDF2E007DA37B /* OCFuntime+Multiton.m in Sources */ = {isa = PBXBuildFile; fileRef = FA6EC17F184CDF2E007DA37B /* OCFuntime+Multiton.m */; };
		FA6EC184184CDFFF007DA37B /* NSObject+OCFuntime.m in Sources */ = {isa = PBXBuildFile; fileRef = FA6EC183184CDFFF007DA37B /* NSObject+OCFuntime.m */; };
		FA6EC186184CE0D5007DA37B /* NSObject+OCFuntimeSpec.mm in Sources */ = {isa = PBXBuildFile; fileRef = FA6EC185184CE0D5007DA37B /* NSObject+OCFuntimeSpec.mm */; settings = {COMPILER_FLAGS = "-fno-objc-arc"; }; };
		FAFD6B72185719DA009000A1 /* OCFClassProperties.m in Sources */ = {isa = PBXBuildFile; fileRef = FAFD6B71185719DA009000A1 /* OCFClassProperties.m */; };
/* End PBXBuildFile section */

/* Begin PBXFileReference section */
		34670366F46B46A0B81A81CE /* libPods.a */ = {isa = PBXFileReference; explicitFileType = archive.ar; includeInIndex = 0; path = libPods.a; sourceTree = BUILT_PRODUCTS_DIR; };
		9076973839A34B22B8A1DC77 /* Pods.xcconfig */ = {isa = PBXFileReference; includeInIndex = 1; lastKnownFileType = text.xcconfig; name = Pods.xcconfig; path = Pods/Pods.xcconfig; sourceTree = SOURCE_ROOT; };
		FA1F52331785C92400A3C156 /* OCFMock.h */ = {isa = PBXFileReference; fileEncoding = 4; lastKnownFileType = sourcecode.c.h; path = OCFMock.h; sourceTree = "<group>"; };
		FA1F52341785C92400A3C156 /* OCFMock.m */ = {isa = PBXFileReference; fileEncoding = 4; lastKnownFileType = sourcecode.c.objc; path = OCFMock.m; sourceTree = "<group>"; };
		FA1F52351785C92400A3C156 /* OCFuntimeMethodsSpec.mm */ = {isa = PBXFileReference; fileEncoding = 4; lastKnownFileType = sourcecode.cpp.objcpp; path = OCFuntimeMethodsSpec.mm; sourceTree = "<group>"; };
		FA1F52441785C96800A3C156 /* OCFMethodImplementation.h */ = {isa = PBXFileReference; fileEncoding = 4; lastKnownFileType = sourcecode.c.h; path = OCFMethodImplementation.h; sourceTree = "<group>"; };
		FA1F52451785C96800A3C156 /* OCFMethodImplementation.m */ = {isa = PBXFileReference; fileEncoding = 4; lastKnownFileType = sourcecode.c.objc; path = OCFMethodImplementation.m; sourceTree = "<group>"; };
		FA1F52461785C96800A3C156 /* OCFClassMethods.h */ = {isa = PBXFileReference; fileEncoding = 4; lastKnownFileType = sourcecode.c.h; path = OCFClassMethods.h; sourceTree = "<group>"; };
		FA1F52471785C96800A3C156 /* OCFClassMethods.m */ = {isa = PBXFileReference; fileEncoding = 4; lastKnownFileType = sourcecode.c.objc; path = OCFClassMethods.m; sourceTree = "<group>"; };
		FA1F52481785C96800A3C156 /* OCFuntime.h */ = {isa = PBXFileReference; fileEncoding = 4; lastKnownFileType = sourcecode.c.h; path = OCFuntime.h; sourceTree = "<group>"; };
		FA1F52491785C96800A3C156 /* OCFuntime.m */ = {isa = PBXFileReference; fileEncoding = 4; lastKnownFileType = sourcecode.c.objc; path = OCFuntime.m; sourceTree = "<group>"; };
		FA392BCA1785C7BC00FEDB79 /* OCFuntimeSpec.app */ = {isa = PBXFileReference; explicitFileType = wrapper.application; includeInIndex = 0; path = OCFuntimeSpec.app; sourceTree = BUILT_PRODUCTS_DIR; };
		FA392BCD1785C7BC00FEDB79 /* UIKit.framework */ = {isa = PBXFileReference; lastKnownFileType = wrapper.framework; name = UIKit.framework; path = System/Library/Frameworks/UIKit.framework; sourceTree = SDKROOT; };
		FA392BCF1785C7BC00FEDB79 /* Foundation.framework */ = {isa = PBXFileReference; lastKnownFileType = wrapper.framework; name = Foundation.framework; path = System/Library/Frameworks/Foundation.framework; sourceTree = SDKROOT; };
		FA392BD11785C7BC00FEDB79 /* CoreGraphics.framework */ = {isa = PBXFileReference; lastKnownFileType = wrapper.framework; name = CoreGraphics.framework; path = System/Library/Frameworks/CoreGraphics.framework; sourceTree = SDKROOT; };
		FA392BD51785C7BC00FEDB79 /* OCFuntimeSpec-Info.plist */ = {isa = PBXFileReference; lastKnownFileType = text.plist.xml; path = "OCFuntimeSpec-Info.plist"; sourceTree = "<group>"; };
		FA392BD71785C7BC00FEDB79 /* en */ = {isa = PBXFileReference; lastKnownFileType = text.plist.strings; name = en; path = en.lproj/InfoPlist.strings; sourceTree = "<group>"; };
		FA392BD91785C7BC00FEDB79 /* main.m */ = {isa = PBXFileReference; lastKnownFileType = sourcecode.c.objc; path = main.m; sourceTree = "<group>"; };
		FA392BDB1785C7BC00FEDB79 /* OCFuntimeSpec-Prefix.pch */ = {isa = PBXFileReference; lastKnownFileType = sourcecode.c.h; path = "OCFuntimeSpec-Prefix.pch"; sourceTree = "<group>"; };
		FA392BDF1785C7BC00FEDB79 /* Default.png */ = {isa = PBXFileReference; lastKnownFileType = image.png; path = Default.png; sourceTree = "<group>"; };
		FA392BE11785C7BC00FEDB79 /* Default@2x.png */ = {isa = PBXFileReference; lastKnownFileType = image.png; path = "Default@2x.png"; sourceTree = "<group>"; };
		FA392BE31785C7BC00FEDB79 /* Default-568h@2x.png */ = {isa = PBXFileReference; lastKnownFileType = image.png; path = "Default-568h@2x.png"; sourceTree = "<group>"; };
		FA51136E1850C3F200A8FBAA /* OCFPropertyMock.h */ = {isa = PBXFileReference; fileEncoding = 4; lastKnownFileType = sourcecode.c.h; path = OCFPropertyMock.h; sourceTree = "<group>"; };
		FA51136F1850C3F200A8FBAA /* OCFPropertyMock.m */ = {isa = PBXFileReference; fileEncoding = 4; lastKnownFileType = sourcecode.c.objc; path = OCFPropertyMock.m; sourceTree = "<group>"; };
		FA5113711850C7C900A8FBAA /* OCFuntimePropertySpec.mm */ = {isa = PBXFileReference; fileEncoding = 4; lastKnownFileType = sourcecode.cpp.objcpp; path = OCFuntimePropertySpec.mm; sourceTree = "<group>"; };
		FA6EC17E184CDF2E007DA37B /* OCFuntime+Multiton.h */ = {isa = PBXFileReference; fileEncoding = 4; lastKnownFileType = sourcecode.c.h; name = "OCFuntime+Multiton.h"; path = "Categories/OCFuntime+Multiton.h"; sourceTree = "<group>"; };
		FA6EC17F184CDF2E007DA37B /* OCFuntime+Multiton.m */ = {isa = PBXFileReference; fileEncoding = 4; lastKnownFileType = sourcecode.c.objc; name = "OCFuntime+Multiton.m"; path = "Categories/OCFuntime+Multiton.m"; sourceTree = "<group>"; };
		FA6EC182184CDFFF007DA37B /* NSObject+OCFuntime.h */ = {isa = PBXFileReference; fileEncoding = 4; lastKnownFileType = sourcecode.c.h; name = "NSObject+OCFuntime.h"; path = "Categories/NSObject+OCFuntime.h"; sourceTree = "<group>"; };
		FA6EC183184CDFFF007DA37B /* NSObject+OCFuntime.m */ = {isa = PBXFileReference; fileEncoding = 4; lastKnownFileType = sourcecode.c.objc; name = "NSObject+OCFuntime.m"; path = "Categories/NSObject+OCFuntime.m"; sourceTree = "<group>"; };
		FA6EC185184CE0D5007DA37B /* NSObject+OCFuntimeSpec.mm */ = {isa = PBXFileReference; fileEncoding = 4; lastKnownFileType = sourcecode.cpp.objcpp; path = "NSObject+OCFuntimeSpec.mm"; sourceTree = "<group>"; };
		FAFD6B70185719DA009000A1 /* OCFClassProperties.h */ = {isa = PBXFileReference; fileEncoding = 4; lastKnownFileType = sourcecode.c.h; path = OCFClassProperties.h; sourceTree = "<group>"; };
		FAFD6B71185719DA009000A1 /* OCFClassProperties.m */ = {isa = PBXFileReference; fileEncoding = 4; lastKnownFileType = sourcecode.c.objc; path = OCFClassProperties.m; sourceTree = "<group>"; };
/* End PBXFileReference section */

/* Begin PBXFrameworksBuildPhase section */
		FA392BC71785C7BC00FEDB79 /* Frameworks */ = {
			isa = PBXFrameworksBuildPhase;
			buildActionMask = 2147483647;
			files = (
				FA392BCE1785C7BC00FEDB79 /* UIKit.framework in Frameworks */,
				FA392BD01785C7BC00FEDB79 /* Foundation.framework in Frameworks */,
				FA392BD21785C7BC00FEDB79 /* CoreGraphics.framework in Frameworks */,
				ED94B83B8B534236A7B31851 /* libPods.a in Frameworks */,
			);
			runOnlyForDeploymentPostprocessing = 0;
		};
/* End PBXFrameworksBuildPhase section */

/* Begin PBXGroup section */
		FA1F52321785C92400A3C156 /* Mocks */ = {
			isa = PBXGroup;
			children = (
				FA1F52331785C92400A3C156 /* OCFMock.h */,
				FA1F52341785C92400A3C156 /* OCFMock.m */,
				FA51136E1850C3F200A8FBAA /* OCFPropertyMock.h */,
				FA51136F1850C3F200A8FBAA /* OCFPropertyMock.m */,
			);
			path = Mocks;
			sourceTree = "<group>";
		};
		FA1F52381785C92B00A3C156 /* Spec */ = {
			isa = PBXGroup;
			children = (
				FA1F52351785C92400A3C156 /* OCFuntimeMethodsSpec.mm */,
				FA5113711850C7C900A8FBAA /* OCFuntimePropertySpec.mm */,
				FA6EC185184CE0D5007DA37B /* NSObject+OCFuntimeSpec.mm */,
			);
			name = Spec;
			sourceTree = "<group>";
		};
		FA1F52431785C96800A3C156 /* Classes */ = {
			isa = PBXGroup;
			children = (
				FA1F52441785C96800A3C156 /* OCFMethodImplementation.h */,
				FA1F52451785C96800A3C156 /* OCFMethodImplementation.m */,
				FA1F52461785C96800A3C156 /* OCFClassMethods.h */,
				FA1F52471785C96800A3C156 /* OCFClassMethods.m */,
				FAFD6B70185719DA009000A1 /* OCFClassProperties.h */,
				FAFD6B71185719DA009000A1 /* OCFClassProperties.m */,
				FA1F52481785C96800A3C156 /* OCFuntime.h */,
				FA1F52491785C96800A3C156 /* OCFuntime.m */,
				FA6EC181184CDF36007DA37B /* Categories */,
			);
			name = Classes;
			path = ../Classes;
			sourceTree = "<group>";
		};
		FA1F524D1785C96D00A3C156 /* OCFuntime */ = {
			isa = PBXGroup;
			children = (
				FA1F52431785C96800A3C156 /* Classes */,
			);
			name = OCFuntime;
			sourceTree = "<group>";
		};
		FA392BC11785C7BC00FEDB79 = {
			isa = PBXGroup;
			children = (
				FA1F524D1785C96D00A3C156 /* OCFuntime */,
				FA392BD31785C7BC00FEDB79 /* OCFuntimeSpec */,
				FA392BCC1785C7BC00FEDB79 /* Frameworks */,
				FA392BCB1785C7BC00FEDB79 /* Products */,
				9076973839A34B22B8A1DC77 /* Pods.xcconfig */,
			);
			sourceTree = "<group>";
		};
		FA392BCB1785C7BC00FEDB79 /* Products */ = {
			isa = PBXGroup;
			children = (
				FA392BCA1785C7BC00FEDB79 /* OCFuntimeSpec.app */,
			);
			name = Products;
			sourceTree = "<group>";
		};
		FA392BCC1785C7BC00FEDB79 /* Frameworks */ = {
			isa = PBXGroup;
			children = (
				FA392BCD1785C7BC00FEDB79 /* UIKit.framework */,
				FA392BCF1785C7BC00FEDB79 /* Foundation.framework */,
				FA392BD11785C7BC00FEDB79 /* CoreGraphics.framework */,
				34670366F46B46A0B81A81CE /* libPods.a */,
			);
			name = Frameworks;
			sourceTree = "<group>";
		};
		FA392BD31785C7BC00FEDB79 /* OCFuntimeSpec */ = {
			isa = PBXGroup;
			children = (
				FA1F52381785C92B00A3C156 /* Spec */,
				FA1F52321785C92400A3C156 /* Mocks */,
				FA392BD41785C7BC00FEDB79 /* Supporting Files */,
			);
			path = OCFuntimeSpec;
			sourceTree = "<group>";
		};
		FA392BD41785C7BC00FEDB79 /* Supporting Files */ = {
			isa = PBXGroup;
			children = (
				FA392BD51785C7BC00FEDB79 /* OCFuntimeSpec-Info.plist */,
				FA392BD61785C7BC00FEDB79 /* InfoPlist.strings */,
				FA392BD91785C7BC00FEDB79 /* main.m */,
				FA392BDB1785C7BC00FEDB79 /* OCFuntimeSpec-Prefix.pch */,
				FA392BDF1785C7BC00FEDB79 /* Default.png */,
				FA392BE11785C7BC00FEDB79 /* Default@2x.png */,
				FA392BE31785C7BC00FEDB79 /* Default-568h@2x.png */,
			);
			name = "Supporting Files";
			sourceTree = "<group>";
		};
		FA6EC181184CDF36007DA37B /* Categories */ = {
			isa = PBXGroup;
			children = (
				FA6EC17E184CDF2E007DA37B /* OCFuntime+Multiton.h */,
				FA6EC17F184CDF2E007DA37B /* OCFuntime+Multiton.m */,
				FA6EC182184CDFFF007DA37B /* NSObject+OCFuntime.h */,
				FA6EC183184CDFFF007DA37B /* NSObject+OCFuntime.m */,
			);
			name = Categories;
			sourceTree = "<group>";
		};
/* End PBXGroup section */

/* Begin PBXNativeTarget section */
		FA392BC91785C7BC00FEDB79 /* OCFuntimeSpec */ = {
			isa = PBXNativeTarget;
			buildConfigurationList = FA392BE71785C7BC00FEDB79 /* Build configuration list for PBXNativeTarget "OCFuntimeSpec" */;
			buildPhases = (
				1BB8A45E6FE040E399710F26 /* Check Pods Manifest.lock */,
				FA392BC61785C7BC00FEDB79 /* Sources */,
				FA392BC71785C7BC00FEDB79 /* Frameworks */,
				FA392BC81785C7BC00FEDB79 /* Resources */,
				2FECF41ADDC64B50AB73767C /* Copy Pods Resources */,
			);
			buildRules = (
			);
			dependencies = (
			);
			name = OCFuntimeSpec;
			productName = OCFuntimeSpec;
			productReference = FA392BCA1785C7BC00FEDB79 /* OCFuntimeSpec.app */;
			productType = "com.apple.product-type.application";
		};
/* End PBXNativeTarget section */

/* Begin PBXProject section */
		FA392BC21785C7BC00FEDB79 /* Project object */ = {
			isa = PBXProject;
			attributes = {
				LastUpgradeCheck = 0460;
				ORGANIZATIONNAME = okolodev;
			};
			buildConfigurationList = FA392BC51785C7BC00FEDB79 /* Build configuration list for PBXProject "OCFuntimeSpec" */;
			compatibilityVersion = "Xcode 3.2";
			developmentRegion = English;
			hasScannedForEncodings = 0;
			knownRegions = (
				en,
			);
			mainGroup = FA392BC11785C7BC00FEDB79;
			productRefGroup = FA392BCB1785C7BC00FEDB79 /* Products */;
			projectDirPath = "";
			projectRoot = "";
			targets = (
				FA392BC91785C7BC00FEDB79 /* OCFuntimeSpec */,
			);
		};
/* End PBXProject section */

/* Begin PBXResourcesBuildPhase section */
		FA392BC81785C7BC00FEDB79 /* Resources */ = {
			isa = PBXResourcesBuildPhase;
			buildActionMask = 2147483647;
			files = (
				FA392BD81785C7BC00FEDB79 /* InfoPlist.strings in Resources */,
				FA392BE01785C7BC00FEDB79 /* Default.png in Resources */,
				FA392BE21785C7BC00FEDB79 /* Default@2x.png in Resources */,
				FA392BE41785C7BC00FEDB79 /* Default-568h@2x.png in Resources */,
			);
			runOnlyForDeploymentPostprocessing = 0;
		};
/* End PBXResourcesBuildPhase section */

/* Begin PBXShellScriptBuildPhase section */
		1BB8A45E6FE040E399710F26 /* Check Pods Manifest.lock */ = {
			isa = PBXShellScriptBuildPhase;
			buildActionMask = 2147483647;
			files = (
			);
			inputPaths = (
			);
			name = "Check Pods Manifest.lock";
			outputPaths = (
			);
			runOnlyForDeploymentPostprocessing = 0;
			shellPath = /bin/sh;
			shellScript = "diff \"${PODS_ROOT}/../Podfile.lock\" \"${PODS_ROOT}/Manifest.lock\" > /dev/null\nif [[ $? != 0 ]] ; then\n    cat << EOM\nerror: The sandbox is not in sync with the Podfile.lock. Run 'pod install' or update your CocoaPods installation.\nEOM\n    exit 1\nfi\n";
		};
		2FECF41ADDC64B50AB73767C /* Copy Pods Resources */ = {
			isa = PBXShellScriptBuildPhase;
			buildActionMask = 2147483647;
			files = (
			);
			inputPaths = (
			);
			name = "Copy Pods Resources";
			outputPaths = (
			);
			runOnlyForDeploymentPostprocessing = 0;
			shellPath = /bin/sh;
			shellScript = "\"${SRCROOT}/Pods/Pods-resources.sh\"\n";
		};
/* End PBXShellScriptBuildPhase section */

/* Begin PBXSourcesBuildPhase section */
		FA392BC61785C7BC00FEDB79 /* Sources */ = {
			isa = PBXSourcesBuildPhase;
			buildActionMask = 2147483647;
			files = (
				FA392BDA1785C7BC00FEDB79 /* main.m in Sources */,
				FA1F52361785C92400A3C156 /* OCFMock.m in Sources */,
				FAFD6B72185719DA009000A1 /* OCFClassProperties.m in Sources */,
				FA5113721850C7C900A8FBAA /* OCFuntimePropertySpec.mm in Sources */,
				FA1F52371785C92400A3C156 /* OCFuntimeMethodsSpec.mm in Sources */,
				FA6EC180184CDF2E007DA37B /* OCFuntime+Multiton.m in Sources */,
				FA6EC184184CDFFF007DA37B /* NSObject+OCFuntime.m in Sources */,
				FA1F524A1785C96800A3C156 /* OCFMethodImplementation.m in Sources */,
				FA1F524B1785C96800A3C156 /* OCFClassMethods.m in Sources */,
				FA5113701850C3F200A8FBAA /* OCFPropertyMock.m in Sources */,
				FA1F524C1785C96800A3C156 /* OCFuntime.m in Sources */,
				FA6EC186184CE0D5007DA37B /* NSObject+OCFuntimeSpec.mm in Sources */,
			);
			runOnlyForDeploymentPostprocessing = 0;
		};
/* End PBXSourcesBuildPhase section */

/* Begin PBXVariantGroup section */
		FA392BD61785C7BC00FEDB79 /* InfoPlist.strings */ = {
			isa = PBXVariantGroup;
			children = (
				FA392BD71785C7BC00FEDB79 /* en */,
			);
			name = InfoPlist.strings;
			sourceTree = "<group>";
		};
/* End PBXVariantGroup section */

/* Begin XCBuildConfiguration section */
		FA392BE51785C7BC00FEDB79 /* Debug */ = {
			isa = XCBuildConfiguration;
			buildSettings = {
				ALWAYS_SEARCH_USER_PATHS = NO;
				CLANG_CXX_LANGUAGE_STANDARD = "gnu++0x";
				CLANG_CXX_LIBRARY = "libc++";
				CLANG_WARN_CONSTANT_CONVERSION = YES;
				CLANG_WARN_EMPTY_BODY = YES;
				CLANG_WARN_ENUM_CONVERSION = YES;
				CLANG_WARN_INT_CONVERSION = YES;
				CLANG_WARN__DUPLICATE_METHOD_MATCH = YES;
				"CODE_SIGN_IDENTITY[sdk=iphoneos*]" = "iPhone Developer";
				COPY_PHASE_STRIP = NO;
				GCC_C_LANGUAGE_STANDARD = gnu99;
				GCC_DYNAMIC_NO_PIC = NO;
				GCC_OPTIMIZATION_LEVEL = 0;
				GCC_PREPROCESSOR_DEFINITIONS = (
					"DEBUG=1",
					"$(inherited)",
				);
				GCC_SYMBOLS_PRIVATE_EXTERN = NO;
				GCC_WARN_ABOUT_RETURN_TYPE = YES;
				GCC_WARN_UNINITIALIZED_AUTOS = YES;
				GCC_WARN_UNUSED_VARIABLE = YES;
				IPHONEOS_DEPLOYMENT_TARGET = 6.1;
				ONLY_ACTIVE_ARCH = YES;
				SDKROOT = iphoneos;
			};
			name = Debug;
		};
		FA392BE61785C7BC00FEDB79 /* Release */ = {
			isa = XCBuildConfiguration;
			buildSettings = {
				ALWAYS_SEARCH_USER_PATHS = NO;
				CLANG_CXX_LANGUAGE_STANDARD = "gnu++0x";
				CLANG_CXX_LIBRARY = "libc++";
				CLANG_WARN_CONSTANT_CONVERSION = YES;
				CLANG_WARN_EMPTY_BODY = YES;
				CLANG_WARN_ENUM_CONVERSION = YES;
				CLANG_WARN_INT_CONVERSION = YES;
				CLANG_WARN__DUPLICATE_METHOD_MATCH = YES;
				"CODE_SIGN_IDENTITY[sdk=iphoneos*]" = "iPhone Developer";
				COPY_PHASE_STRIP = YES;
				GCC_C_LANGUAGE_STANDARD = gnu99;
				GCC_WARN_ABOUT_RETURN_TYPE = YES;
				GCC_WARN_UNINITIALIZED_AUTOS = YES;
				GCC_WARN_UNUSED_VARIABLE = YES;
				IPHONEOS_DEPLOYMENT_TARGET = 6.1;
				OTHER_CFLAGS = "-DNS_BLOCK_ASSERTIONS=1";
				SDKROOT = iphoneos;
				VALIDATE_PRODUCT = YES;
			};
			name = Release;
		};
		FA392BE81785C7BC00FEDB79 /* Debug */ = {
			isa = XCBuildConfiguration;
			baseConfigurationReference = 9076973839A34B22B8A1DC77 /* Pods.xcconfig */;
			buildSettings = {
				CLANG_ENABLE_OBJC_ARC = YES;
				GCC_PRECOMPILE_PREFIX_HEADER = YES;
				GCC_PREFIX_HEADER = "OCFuntimeSpec/OCFuntimeSpec-Prefix.pch";
				INFOPLIST_FILE = "OCFuntimeSpec/OCFuntimeSpec-Info.plist";
				PRODUCT_NAME = "$(TARGET_NAME)";
				WRAPPER_EXTENSION = app;
			};
			name = Debug;
		};
		FA392BE91785C7BC00FEDB79 /* Release */ = {
			isa = XCBuildConfiguration;
			baseConfigurationReference = 9076973839A34B22B8A1DC77 /* Pods.xcconfig */;
			buildSettings = {
				CLANG_ENABLE_OBJC_ARC = YES;
				GCC_PRECOMPILE_PREFIX_HEADER = YES;
				GCC_PREFIX_HEADER = "OCFuntimeSpec/OCFuntimeSpec-Prefix.pch";
				INFOPLIST_FILE = "OCFuntimeSpec/OCFuntimeSpec-Info.plist";
				PRODUCT_NAME = "$(TARGET_NAME)";
				WRAPPER_EXTENSION = app;
			};
			name = Release;
		};
/* End XCBuildConfiguration section */

/* Begin XCConfigurationList section */
		FA392BC51785C7BC00FEDB79 /* Build configuration list for PBXProject "OCFuntimeSpec" */ = {
			isa = XCConfigurationList;
			buildConfigurations = (
				FA392BE51785C7BC00FEDB79 /* Debug */,
				FA392BE61785C7BC00FEDB79 /* Release */,
			);
			defaultConfigurationIsVisible = 0;
			defaultConfigurationName = Release;
		};
		FA392BE71785C7BC00FEDB79 /* Build configuration list for PBXNativeTarget "OCFuntimeSpec" */ = {
			isa = XCConfigurationList;
			buildConfigurations = (
				FA392BE81785C7BC00FEDB79 /* Debug */,
				FA392BE91785C7BC00FEDB79 /* Release */,
			);
			defaultConfigurationIsVisible = 0;
			defaultConfigurationName = Release;
		};
/* End XCConfigurationList section */
	};
	rootObject = FA392BC21785C7BC00FEDB79 /* Project object */;
}
