<?xml version="1.0" encoding="UTF-8"?>
<Scheme
   version = "1.3">
   <BuildAction>
      <BuildActionEntries>
         <BuildActionEntry
            buildForRunning = "YES">
            <BuildableReference
               BuildableIdentifier = "primary"
               BlueprintIdentifier = "FA392BC91785C7BC00FEDB79"
               BuildableName = "OCFuntimeSpec.app"
               BlueprintName = "OCFuntimeSpec"
               ReferencedContainer = "container:OCFuntimeSpec.xcodeproj">
            </BuildableReference>
         </BuildActionEntry>
      </BuildActionEntries>
   </BuildAction>
   <LaunchAction
      useCustomWorkingDirectory = "NO"
      buildConfiguration = "Debug">
      <BuildableProductRunnable>
         <BuildableReference
            BuildableIdentifier = "primary"
            BlueprintIdentifier = "FA392BC91785C7BC00FEDB79"
            BuildableName = "OCFuntimeSpec.app"
            BlueprintName = "OCFuntimeSpec"
            ReferencedContainer = "container:OCFuntimeSpec.xcodeproj">
         </BuildableReference>
      </BuildableProductRunnable>
   </LaunchAction>
</Scheme>
